{
    "_meta": {
        "hash": {
            "sha256": "95cc96b2aeac8da390e0b00eb8dc2fa63bcbaf1f4e6d8622317126d84682be40"
        },
        "pipfile-spec": 6,
        "requires": {
            "python_version": "3.7"
        },
        "sources": [
            {
                "name": "pypi",
                "url": "https://pypi.org/simple",
                "verify_ssl": true
            }
        ]
    },
    "default": {
        "appdirs": {
            "hashes": [
                "sha256:9e5896d1372858f8dd3344faf4e5014d21849c756c8d5701f78f8a103b372d92",
                "sha256:d8b24664561d0d34ddfaec54636d502d7cea6e29c3eaf68f3df6180863e2166e"
            ],
            "version": "==1.4.3"
        },
        "argparse": {
            "hashes": [
                "sha256:62b089a55be1d8949cd2bc7e0df0bddb9e028faefc8c32038cc84862aefdd6e4",
                "sha256:c31647edb69fd3d465a847ea3157d37bed1f95f19760b11a47aa91c04b666314"
            ],
            "index": "pypi",
            "version": "==1.4.0"
        },
        "attrs": {
            "hashes": [
                "sha256:69c0dbf2ed392de1cb5ec704444b08a5ef81680a61cb899dc08127123af36a79",
                "sha256:f0b870f674851ecbfbbbd364d6b5cbdff9dcedbc7f3f5e18a6891057f21fe399"
            ],
            "version": "==19.1.0"
        },
        "black": {
            "hashes": [
                "sha256:09a9dcb7c46ed496a9850b76e4e825d6049ecd38b611f1224857a79bd985a8cf",
                "sha256:68950ffd4d9169716bcb8719a56c07a2f4485354fec061cdd5910aa07369731c"
            ],
            "index": "pypi",
            "version": "==19.3b0"
        },
        "click": {
            "hashes": [
                "sha256:2335065e6395b9e67ca716de5f7526736bfa6ceead690adf616d925bdc622b13",
                "sha256:5b94b49521f6456670fdb30cd82a4eca9412788a93fa6dd6df72c94d5a8ff2d7"
            ],
            "version": "==7.0"
        },
        "numpy": {
            "hashes": [
                "sha256:0ba8479eab6924bc9d17832a0142e54cb69ea323b544e681c051e5f85a77de84",
                "sha256:0f5b37e96989a231a9a63e4aed734d268d1f244b237a44b8703b5919c2c893a2",
                "sha256:2716333552115eeca9d774556644b2df83073d85d9b30700cbe24b7e2f58c6f3",
                "sha256:45bc7b87ddbc2864ab528edf547201be142077caeb1916bca9aac6e5846dcf0e",
                "sha256:4c88a3e02a00f05a27bf9b033733c274fb3cb1ffd9eeec4490a650c10ba889ca",
                "sha256:5003389ca06659156c98215502696f7f1e85a9e1355b4121fd6fa5e098b0e062",
                "sha256:58f890a52716bbbb025d8f3b77f91102de7a068d214a7dea97562d8d86a1b12a",
                "sha256:724efe307f5b6df931559fcd3a0ba0e655b1955354361dec039dc5506829a1af",
                "sha256:8d5a1b0b31a506e61525cf801782ba4f565613278c65edfa849eb2abb7f963cc",
                "sha256:8e076ac6ad2b602ffa6c7e82801c280df9680f1e11c720b550172953ebb80abb",
                "sha256:92009e95da7d3337fb99621a09089b7770551273a4749f233843d2d6bac54d2a",
                "sha256:a4153fe85cf92a796022b81b138000160dea840cad13b7d1db67cfec594ece23",
                "sha256:baa9da76c108a27092f2747615af1a837c117c16f8704b25b993d3ef9a6b910c",
                "sha256:d58de04dd219b92c6fb8cae34cc49aa92296c536b2d271bd09d4f704178224fd",
                "sha256:e85371de8d4ba14ba077b1b856dd7d911605de0c977e17aaae36d597499699c9",
                "sha256:f13346f932c0ea879df223264a438c75745632c2e0e4144f83824b7692ffe605"
            ],
            "index": "pypi",
            "version": "==1.17.0rc2"
        },
        "toml": {
            "hashes": [
                "sha256:229f81c57791a41d65e399fc06bf0848bab550a9dfd5ed66df18ce5f05e73d5c",
                "sha256:235682dd292d5899d361a811df37e04a8828a5b1da3115886b73cf81ebc9100e"
            ],
            "version": "==0.10.0"
        }
    },
    "develop": {}
}
